// !$*UTF8*$!
{
	archiveVersion = 1;
	classes = {
	};
	objectVersion = 56;
	objects = {

/* Begin PBXBuildFile section */
		B36DCBCB29546F82001EB74B /* NetworkServiceSwiftUIApp.swift in Sources */ = {isa = PBXBuildFile; fileRef = B36DCBCA29546F82001EB74B /* NetworkServiceSwiftUIApp.swift */; };
		B36DCBCD29546F82001EB74B /* ContentView.swift in Sources */ = {isa = PBXBuildFile; fileRef = B36DCBCC29546F82001EB74B /* ContentView.swift */; };
		B36DCBCF29546F83001EB74B /* Assets.xcassets in Resources */ = {isa = PBXBuildFile; fileRef = B36DCBCE29546F83001EB74B /* Assets.xcassets */; };
		B36DCBD229546F83001EB74B /* Preview Assets.xcassets in Resources */ = {isa = PBXBuildFile; fileRef = B36DCBD129546F83001EB74B /* Preview Assets.xcassets */; };
		B36DCBDA2954702E001EB74B /* UserModel.swift in Sources */ = {isa = PBXBuildFile; fileRef = B36DCBD92954702E001EB74B /* UserModel.swift */; };
		B36DCBDD2954704B001EB74B /* WebService.swift in Sources */ = {isa = PBXBuildFile; fileRef = B36DCBDC2954704B001EB74B /* WebService.swift */; };
		B36DCBE029547647001EB74B /* UserViewModel.swift in Sources */ = {isa = PBXBuildFile; fileRef = B36DCBDF29547647001EB74B /* UserViewModel.swift */; };
		B36DCBE3295477C6001EB74B /* Constants.swift in Sources */ = {isa = PBXBuildFile; fileRef = B36DCBE2295477C6001EB74B /* Constants.swift */; };
		B36DCC1D2955D464001EB74B /* users.json in Resources */ = {isa = PBXBuildFile; fileRef = B36DCC1C2955D464001EB74B /* users.json */; };
		B36DCC1F2955D483001EB74B /* LocalServis.swift in Sources */ = {isa = PBXBuildFile; fileRef = B36DCC1E2955D483001EB74B /* LocalServis.swift */; };
		B36DCC212955D61B001EB74B /* networkService.swift in Sources */ = {isa = PBXBuildFile; fileRef = B36DCC202955D61B001EB74B /* networkService.swift */; };
/* End PBXBuildFile section */

/* Begin PBXFileReference section */
		B36DCBC729546F82001EB74B /* NetworkServiceSwiftUI.app */ = {isa = PBXFileReference; explicitFileType = wrapper.application; includeInIndex = 0; path = NetworkServiceSwiftUI.app; sourceTree = BUILT_PRODUCTS_DIR; };
		B36DCBCA29546F82001EB74B /* NetworkServiceSwiftUIApp.swift */ = {isa = PBXFileReference; lastKnownFileType = sourcecode.swift; path = NetworkServiceSwiftUIApp.swift; sourceTree = "<group>"; };
		B36DCBCC29546F82001EB74B /* ContentView.swift */ = {isa = PBXFileReference; lastKnownFileType = sourcecode.swift; path = ContentView.swift; sourceTree = "<group>"; };
		B36DCBCE29546F83001EB74B /* Assets.xcassets */ = {isa = PBXFileReference; lastKnownFileType = folder.assetcatalog; path = Assets.xcassets; sourceTree = "<group>"; };
		B36DCBD129546F83001EB74B /* Preview Assets.xcassets */ = {isa = PBXFileReference; lastKnownFileType = folder.assetcatalog; path = "Preview Assets.xcassets"; sourceTree = "<group>"; };
		B36DCBD92954702E001EB74B /* UserModel.swift */ = {isa = PBXFileReference; lastKnownFileType = sourcecode.swift; path = UserModel.swift; sourceTree = "<group>"; };
		B36DCBDC2954704B001EB74B /* WebService.swift */ = {isa = PBXFileReference; lastKnownFileType = sourcecode.swift; path = WebService.swift; sourceTree = "<group>"; };
		B36DCBDF29547647001EB74B /* UserViewModel.swift */ = {isa = PBXFileReference; lastKnownFileType = sourcecode.swift; path = UserViewModel.swift; sourceTree = "<group>"; };
		B36DCBE2295477C6001EB74B /* Constants.swift */ = {isa = PBXFileReference; lastKnownFileType = sourcecode.swift; path = Constants.swift; sourceTree = "<group>"; };
		B36DCC1C2955D464001EB74B /* users.json */ = {isa = PBXFileReference; fileEncoding = 4; lastKnownFileType = text.json; path = users.json; sourceTree = "<group>"; };
		B36DCC1E2955D483001EB74B /* LocalServis.swift */ = {isa = PBXFileReference; lastKnownFileType = sourcecode.swift; path = LocalServis.swift; sourceTree = "<group>"; };
		B36DCC202955D61B001EB74B /* networkService.swift */ = {isa = PBXFileReference; lastKnownFileType = sourcecode.swift; path = networkService.swift; sourceTree = "<group>"; };
/* End PBXFileReference section */

/* Begin PBXFrameworksBuildPhase section */
		B36DCBC429546F82001EB74B /* Frameworks */ = {
			isa = PBXFrameworksBuildPhase;
			buildActionMask = 2147483647;
			files = (
			);
			runOnlyForDeploymentPostprocessing = 0;
		};
/* End PBXFrameworksBuildPhase section */

/* Begin PBXGroup section */
		B36DCBBE29546F82001EB74B = {
			isa = PBXGroup;
			children = (
				B36DCBC929546F82001EB74B /* NetworkServiceSwiftUI */,
				B36DCBC829546F82001EB74B /* Products */,
			);
			sourceTree = "<group>";
		};
		B36DCBC829546F82001EB74B /* Products */ = {
			isa = PBXGroup;
			children = (
				B36DCBC729546F82001EB74B /* NetworkServiceSwiftUI.app */,
			);
			name = Products;
			sourceTree = "<group>";
		};
		B36DCBC929546F82001EB74B /* NetworkServiceSwiftUI */ = {
			isa = PBXGroup;
			children = (
				B36DCC1C2955D464001EB74B /* users.json */,
				B36DCBE1295477B9001EB74B /* Constants */,
				B36DCBDE29547052001EB74B /* ViewModel */,
				B36DCBDB2954703E001EB74B /* Service */,
				B36DCBD829547022001EB74B /* Model */,
				B36DCBCA29546F82001EB74B /* NetworkServiceSwiftUIApp.swift */,
				B36DCBCC29546F82001EB74B /* ContentView.swift */,
				B36DCBCE29546F83001EB74B /* Assets.xcassets */,
				B36DCBD029546F83001EB74B /* Preview Content */,
			);
			path = NetworkServiceSwiftUI;
			sourceTree = "<group>";
		};
		B36DCBD029546F83001EB74B /* Preview Content */ = {
			isa = PBXGroup;
			children = (
				B36DCBD129546F83001EB74B /* Preview Assets.xcassets */,
			);
			path = "Preview Content";
			sourceTree = "<group>";
		};
		B36DCBD829547022001EB74B /* Model */ = {
			isa = PBXGroup;
			children = (
				B36DCBD92954702E001EB74B /* UserModel.swift */,
			);
			path = Model;
			sourceTree = "<group>";
		};
		B36DCBDB2954703E001EB74B /* Service */ = {
			isa = PBXGroup;
			children = (
				B36DCBDC2954704B001EB74B /* WebService.swift */,
				B36DCC1E2955D483001EB74B /* LocalServis.swift */,
				B36DCC202955D61B001EB74B /* networkService.swift */,
			);
			path = Service;
			sourceTree = "<group>";
		};
		B36DCBDE29547052001EB74B /* ViewModel */ = {
			isa = PBXGroup;
			children = (
				B36DCBDF29547647001EB74B /* UserViewModel.swift */,
			);
			path = ViewModel;
			sourceTree = "<group>";
		};
		B36DCBE1295477B9001EB74B /* Constants */ = {
			isa = PBXGroup;
			children = (
				B36DCBE2295477C6001EB74B /* Constants.swift */,
			);
			path = Constants;
			sourceTree = "<group>";
		};
/* End PBXGroup section */

/* Begin PBXNativeTarget section */
		B36DCBC629546F82001EB74B /* NetworkServiceSwiftUI */ = {
			isa = PBXNativeTarget;
			buildConfigurationList = B36DCBD529546F83001EB74B /* Build configuration list for PBXNativeTarget "NetworkServiceSwiftUI" */;
			buildPhases = (
				B36DCBC329546F82001EB74B /* Sources */,
				B36DCBC429546F82001EB74B /* Frameworks */,
				B36DCBC529546F82001EB74B /* Resources */,
			);
			buildRules = (
			);
			dependencies = (
			);
			name = NetworkServiceSwiftUI;
			productName = NetworkServiceSwiftUI;
			productReference = B36DCBC729546F82001EB74B /* NetworkServiceSwiftUI.app */;
			productType = "com.apple.product-type.application";
		};
/* End PBXNativeTarget section */

/* Begin PBXProject section */
		B36DCBBF29546F82001EB74B /* Project object */ = {
			isa = PBXProject;
			attributes = {
				BuildIndependentTargetsInParallel = 1;
				LastSwiftUpdateCheck = 1410;
				LastUpgradeCheck = 1410;
				TargetAttributes = {
					B36DCBC629546F82001EB74B = {
						CreatedOnToolsVersion = 14.1;
					};
				};
			};
			buildConfigurationList = B36DCBC229546F82001EB74B /* Build configuration list for PBXProject "NetworkServiceSwiftUI" */;
			compatibilityVersion = "Xcode 14.0";
			developmentRegion = en;
			hasScannedForEncodings = 0;
			knownRegions = (
				en,
				Base,
			);
			mainGroup = B36DCBBE29546F82001EB74B;
			productRefGroup = B36DCBC829546F82001EB74B /* Products */;
			projectDirPath = "";
			projectRoot = "";
			targets = (
				B36DCBC629546F82001EB74B /* NetworkServiceSwiftUI */,
			);
		};
/* End PBXProject section */

/* Begin PBXResourcesBuildPhase section */
		B36DCBC529546F82001EB74B /* Resources */ = {
			isa = PBXResourcesBuildPhase;
			buildActionMask = 2147483647;
			files = (
				B36DCC1D2955D464001EB74B /* users.json in Resources */,
				B36DCBD229546F83001EB74B /* Preview Assets.xcassets in Resources */,
				B36DCBCF29546F83001EB74B /* Assets.xcassets in Resources */,
			);
			runOnlyForDeploymentPostprocessing = 0;
		};
/* End PBXResourcesBuildPhase section */

/* Begin PBXSourcesBuildPhase section */
		B36DCBC329546F82001EB74B /* Sources */ = {
			isa = PBXSourcesBuildPhase;
			buildActionMask = 2147483647;
			files = (
				B36DCC1F2955D483001EB74B /* LocalServis.swift in Sources */,
				B36DCBCD29546F82001EB74B /* ContentView.swift in Sources */,
				B36DCC212955D61B001EB74B /* networkService.swift in Sources */,
				B36DCBDA2954702E001EB74B /* UserModel.swift in Sources */,
				B36DCBDD2954704B001EB74B /* WebService.swift in Sources */,
				B36DCBE029547647001EB74B /* UserViewModel.swift in Sources */,
				B36DCBCB29546F82001EB74B /* NetworkServiceSwiftUIApp.swift in Sources */,
				B36DCBE3295477C6001EB74B /* Constants.swift in Sources */,
			);
			runOnlyForDeploymentPostprocessing = 0;
		};
/* End PBXSourcesBuildPhase section */

/* Begin XCBuildConfiguration section */
		B36DCBD329546F83001EB74B /* Debug */ = {
			isa = XCBuildConfiguration;
			buildSettings = {
				ALWAYS_SEARCH_USER_PATHS = NO;
				CLANG_ANALYZER_NONNULL = YES;
				CLANG_ANALYZER_NUMBER_OBJECT_CONVERSION = YES_AGGRESSIVE;
				CLANG_CXX_LANGUAGE_STANDARD = "gnu++20";
				CLANG_ENABLE_MODULES = YES;
				CLANG_ENABLE_OBJC_ARC = YES;
				CLANG_ENABLE_OBJC_WEAK = YES;
				CLANG_WARN_BLOCK_CAPTURE_AUTORELEASING = YES;
				CLANG_WARN_BOOL_CONVERSION = YES;
				CLANG_WARN_COMMA = YES;
				CLANG_WARN_CONSTANT_CONVERSION = YES;
				CLANG_WARN_DEPRECATED_OBJC_IMPLEMENTATIONS = YES;
				CLANG_WARN_DIRECT_OBJC_ISA_USAGE = YES_ERROR;
				CLANG_WARN_DOCUMENTATION_COMMENTS = YES;
				CLANG_WARN_EMPTY_BODY = YES;
				CLANG_WARN_ENUM_CONVERSION = YES;
				CLANG_WARN_INFINITE_RECURSION = YES;
				CLANG_WARN_INT_CONVERSION = YES;
				CLANG_WARN_NON_LITERAL_NULL_CONVERSION = YES;
				CLANG_WARN_OBJC_IMPLICIT_RETAIN_SELF = YES;
				CLANG_WARN_OBJC_LITERAL_CONVERSION = YES;
				CLANG_WARN_OBJC_ROOT_CLASS = YES_ERROR;
				CLANG_WARN_QUOTED_INCLUDE_IN_FRAMEWORK_HEADER = YES;
				CLANG_WARN_RANGE_LOOP_ANALYSIS = YES;
				CLANG_WARN_STRICT_PROTOTYPES = YES;
				CLANG_WARN_SUSPICIOUS_MOVE = YES;
				CLANG_WARN_UNGUARDED_AVAILABILITY = YES_AGGRESSIVE;
				CLANG_WARN_UNREACHABLE_CODE = YES;
				CLANG_WARN__DUPLICATE_METHOD_MATCH = YES;
				COPY_PHASE_STRIP = NO;
				DEBUG_INFORMATION_FORMAT = dwarf;
				ENABLE_STRICT_OBJC_MSGSEND = YES;
				ENABLE_TESTABILITY = YES;
				GCC_C_LANGUAGE_STANDARD = gnu11;
				GCC_DYNAMIC_NO_PIC = NO;
				GCC_NO_COMMON_BLOCKS = YES;
				GCC_OPTIMIZATION_LEVEL = 0;
				GCC_PREPROCESSOR_DEFINITIONS = (
					"DEBUG=1",
					"$(inherited)",
				);
				GCC_WARN_64_TO_32_BIT_CONVERSION = YES;
				GCC_WARN_ABOUT_RETURN_TYPE = YES_ERROR;
				GCC_WARN_UNDECLARED_SELECTOR = YES;
				GCC_WARN_UNINITIALIZED_AUTOS = YES_AGGRESSIVE;
				GCC_WARN_UNUSED_FUNCTION = YES;
				GCC_WARN_UNUSED_VARIABLE = YES;
				IPHONEOS_DEPLOYMENT_TARGET = 16.1;
				MTL_ENABLE_DEBUG_INFO = INCLUDE_SOURCE;
				MTL_FAST_MATH = YES;
				ONLY_ACTIVE_ARCH = YES;
				SDKROOT = iphoneos;
				SWIFT_ACTIVE_COMPILATION_CONDITIONS = DEBUG;
				SWIFT_OPTIMIZATION_LEVEL = "-Onone";
			};
			name = Debug;
		};
		B36DCBD429546F83001EB74B /* Release */ = {
			isa = XCBuildConfiguration;
			buildSettings = {
				ALWAYS_SEARCH_USER_PATHS = NO;
				CLANG_ANALYZER_NONNULL = YES;
				CLANG_ANALYZER_NUMBER_OBJECT_CONVERSION = YES_AGGRESSIVE;
				CLANG_CXX_LANGUAGE_STANDARD = "gnu++20";
				CLANG_ENABLE_MODULES = YES;
				CLANG_ENABLE_OBJC_ARC = YES;
				CLANG_ENABLE_OBJC_WEAK = YES;
				CLANG_WARN_BLOCK_CAPTURE_AUTORELEASING = YES;
				CLANG_WARN_BOOL_CONVERSION = YES;
				CLANG_WARN_COMMA = YES;
				CLANG_WARN_CONSTANT_CONVERSION = YES;
				CLANG_WARN_DEPRECATED_OBJC_IMPLEMENTATIONS = YES;
				CLANG_WARN_DIRECT_OBJC_ISA_USAGE = YES_ERROR;
				CLANG_WARN_DOCUMENTATION_COMMENTS = YES;
				CLANG_WARN_EMPTY_BODY = YES;
				CLANG_WARN_ENUM_CONVERSION = YES;
				CLANG_WARN_INFINITE_RECURSION = YES;
				CLANG_WARN_INT_CONVERSION = YES;
				CLANG_WARN_NON_LITERAL_NULL_CONVERSION = YES;
				CLANG_WARN_OBJC_IMPLICIT_RETAIN_SELF = YES;
				CLANG_WARN_OBJC_LITERAL_CONVERSION = YES;
				CLANG_WARN_OBJC_ROOT_CLASS = YES_ERROR;
				CLANG_WARN_QUOTED_INCLUDE_IN_FRAMEWORK_HEADER = YES;
				CLANG_WARN_RANGE_LOOP_ANALYSIS = YES;
				CLANG_WARN_STRICT_PROTOTYPES = YES;
				CLANG_WARN_SUSPICIOUS_MOVE = YES;
				CLANG_WARN_UNGUARDED_AVAILABILITY = YES_AGGRESSIVE;
				CLANG_WARN_UNREACHABLE_CODE = YES;
				CLANG_WARN__DUPLICATE_METHOD_MATCH = YES;
				COPY_PHASE_STRIP = NO;
				DEBUG_INFORMATION_FORMAT = "dwarf-with-dsym";
				ENABLE_NS_ASSERTIONS = NO;
				ENABLE_STRICT_OBJC_MSGSEND = YES;
				GCC_C_LANGUAGE_STANDARD = gnu11;
				GCC_NO_COMMON_BLOCKS = YES;
				GCC_WARN_64_TO_32_BIT_CONVERSION = YES;
				GCC_WARN_ABOUT_RETURN_TYPE = YES_ERROR;
				GCC_WARN_UNDECLARED_SELECTOR = YES;
				GCC_WARN_UNINITIALIZED_AUTOS = YES_AGGRESSIVE;
				GCC_WARN_UNUSED_FUNCTION = YES;
				GCC_WARN_UNUSED_VARIABLE = YES;
				IPHONEOS_DEPLOYMENT_TARGET = 16.1;
				MTL_ENABLE_DEBUG_INFO = NO;
				MTL_FAST_MATH = YES;
				SDKROOT = iphoneos;
				SWIFT_COMPILATION_MODE = wholemodule;
				SWIFT_OPTIMIZATION_LEVEL = "-O";
				VALIDATE_PRODUCT = YES;
			};
			name = Release;
		};
		B36DCBD629546F83001EB74B /* Debug */ = {
			isa = XCBuildConfiguration;
			buildSettings = {
				ASSETCATALOG_COMPILER_APPICON_NAME = AppIcon;
				ASSETCATALOG_COMPILER_GLOBAL_ACCENT_COLOR_NAME = AccentColor;
				CODE_SIGN_STYLE = Automatic;
				CURRENT_PROJECT_VERSION = 1;
				DEVELOPMENT_ASSET_PATHS = "\"NetworkServiceSwiftUI/Preview Content\"";
				DEVELOPMENT_TEAM = 59Z242YFKP;
				ENABLE_PREVIEWS = YES;
				GENERATE_INFOPLIST_FILE = YES;
				INFOPLIST_KEY_UIApplicationSceneManifest_Generation = YES;
				INFOPLIST_KEY_UIApplicationSupportsIndirectInputEvents = YES;
				INFOPLIST_KEY_UILaunchScreen_Generation = YES;
				INFOPLIST_KEY_UISupportedInterfaceOrientations_iPad = "UIInterfaceOrientationPortrait UIInterfaceOrientationPortraitUpsideDown UIInterfaceOrientationLandscapeLeft UIInterfaceOrientationLandscapeRight";
				INFOPLIST_KEY_UISupportedInterfaceOrientations_iPhone = "UIInterfaceOrientationPortrait UIInterfaceOrientationLandscapeLeft UIInterfaceOrientationLandscapeRight";
				LD_RUNPATH_SEARCH_PATHS = (
					"$(inherited)",
					"@executable_path/Frameworks",
				);
				MARKETING_VERSION = 1.0;
				PRODUCT_BUNDLE_IDENTIFIER = mesutalver.NetworkServiceSwiftUI;
				PRODUCT_NAME = "$(TARGET_NAME)";
				SWIFT_EMIT_LOC_STRINGS = YES;
				SWIFT_VERSION = 5.0;
				TARGETED_DEVICE_FAMILY = "1,2";
			};
			name = Debug;
		};
		B36DCBD729546F83001EB74B /* Release */ = {
			isa = XCBuildConfiguration;
			buildSettings = {
				ASSETCATALOG_COMPILER_APPICON_NAME = AppIcon;
				ASSETCATALOG_COMPILER_GLOBAL_ACCENT_COLOR_NAME = AccentColor;
				CODE_SIGN_STYLE = Automatic;
				CURRENT_PROJECT_VERSION = 1;
				DEVELOPMENT_ASSET_PATHS = "\"NetworkServiceSwiftUI/Preview Content\"";
				DEVELOPMENT_TEAM = 59Z242YFKP;
				ENABLE_PREVIEWS = YES;
				GENERATE_INFOPLIST_FILE = YES;
				INFOPLIST_KEY_UIApplicationSceneManifest_Generation = YES;
				INFOPLIST_KEY_UIApplicationSupportsIndirectInputEvents = YES;
				INFOPLIST_KEY_UILaunchScreen_Generation = YES;
				INFOPLIST_KEY_UISupportedInterfaceOrientations_iPad = "UIInterfaceOrientationPortrait UIInterfaceOrientationPortraitUpsideDown UIInterfaceOrientationLandscapeLeft UIInterfaceOrientationLandscapeRight";
				INFOPLIST_KEY_UISupportedInterfaceOrientations_iPhone = "UIInterfaceOrientationPortrait UIInterfaceOrientationLandscapeLeft UIInterfaceOrientationLandscapeRight";
				LD_RUNPATH_SEARCH_PATHS = (
					"$(inherited)",
					"@executable_path/Frameworks",
				);
				MARKETING_VERSION = 1.0;
				PRODUCT_BUNDLE_IDENTIFIER = mesutalver.NetworkServiceSwiftUI;
				PRODUCT_NAME = "$(TARGET_NAME)";
				SWIFT_EMIT_LOC_STRINGS = YES;
				SWIFT_VERSION = 5.0;
				TARGETED_DEVICE_FAMILY = "1,2";
			};
			name = Release;
		};
/* End XCBuildConfiguration section */

/* Begin XCConfigurationList section */
		B36DCBC229546F82001EB74B /* Build configuration list for PBXProject "NetworkServiceSwiftUI" */ = {
			isa = XCConfigurationList;
			buildConfigurations = (
				B36DCBD329546F83001EB74B /* Debug */,
				B36DCBD429546F83001EB74B /* Release */,
			);
			defaultConfigurationIsVisible = 0;
			defaultConfigurationName = Release;
		};
		B36DCBD529546F83001EB74B /* Build configuration list for PBXNativeTarget "NetworkServiceSwiftUI" */ = {
			isa = XCConfigurationList;
			buildConfigurations = (
				B36DCBD629546F83001EB74B /* Debug */,
				B36DCBD729546F83001EB74B /* Release */,
			);
			defaultConfigurationIsVisible = 0;
			defaultConfigurationName = Release;
		};
/* End XCConfigurationList section */
	};
	rootObject = B36DCBBF29546F82001EB74B /* Project object */;
}
